
Microsoft Visual Studio Solution File, Format Version 12.00
# Visual Studio Version 17
VisualStudioVersion = 17.12.35527.113 d17.12
MinimumVisualStudioVersion = 10.0.40219.1
Project("{2150E333-8FDC-42A3-9474-1A3956D46DE8}") = "src", "src", "{4521588E-60C0-460D-AF8C-848D4F2A73D9}"
EndProject
Project("{2150E333-8FDC-42A3-9474-1A3956D46DE8}") = "tests", "tests", "{61ED149D-CC41-4781-8F68-D71F5DB9E62E}"
EndProject
Project("{FAE04EC0-301F-11D3-BF4B-00C04F79EFBC}") = "MyRecipeBookGenerator.Api", "src\MyRecipeBookGenerator.Api\MyRecipeBookGenerator.Api.csproj", "{21FB3730-EB98-4831-B61A-455BB26D0991}"
EndProject
Global
	GlobalSection(SolutionConfigurationPlatforms) = preSolution
		Debug|Any CPU = Debug|Any CPU
		Release|Any CPU = Release|Any CPU
	EndGlobalSection
	GlobalSection(ProjectConfigurationPlatforms) = postSolution
		{21FB3730-EB98-4831-B61A-455BB26D0991}.Debug|Any CPU.ActiveCfg = Debug|Any CPU
		{21FB3730-EB98-4831-B61A-455BB26D0991}.Debug|Any CPU.Build.0 = Debug|Any CPU
		{21FB3730-EB98-4831-B61A-455BB26D0991}.Release|Any CPU.ActiveCfg = Release|Any CPU
		{21FB3730-EB98-4831-B61A-455BB26D0991}.Release|Any CPU.Build.0 = Release|Any CPU
	EndGlobalSection
	GlobalSection(SolutionProperties) = preSolution
		HideSolutionNode = FALSE
	EndGlobalSection
	GlobalSection(NestedProjects) = preSolution
		{21FB3730-EB98-4831-B61A-455BB26D0991} = {4521588E-60C0-460D-AF8C-848D4F2A73D9}
	EndGlobalSection
EndGlobal
